// !$*UTF8*$!
{
	archiveVersion = 1;
	classes = {
	};
	objectVersion = 50;
	objects = {

/* Begin PBXBuildFile section */
		A02E5E7024A96EB00092FCC4 /* StoryboardedProtocol.swift in Sources */ = {isa = PBXBuildFile; fileRef = A02E5E6F24A96EB00092FCC4 /* StoryboardedProtocol.swift */; };
		A02E5E7224A9794E0092FCC4 /* UserDetail+DataSource.swift in Sources */ = {isa = PBXBuildFile; fileRef = A02E5E7124A9794E0092FCC4 /* UserDetail+DataSource.swift */; };
		A02E5E7424A979B40092FCC4 /* UserDetailConnection.swift in Sources */ = {isa = PBXBuildFile; fileRef = A02E5E7324A979B40092FCC4 /* UserDetailConnection.swift */; };
		A02E5E7624A979E70092FCC4 /* Post.swift in Sources */ = {isa = PBXBuildFile; fileRef = A02E5E7524A979E70092FCC4 /* Post.swift */; };
		A02E5E7824A97A7F0092FCC4 /* PostsMock.swift in Sources */ = {isa = PBXBuildFile; fileRef = A02E5E7724A97A7E0092FCC4 /* PostsMock.swift */; };
		A02E5E7B24A97BAA0092FCC4 /* PostTableViewCell.swift in Sources */ = {isa = PBXBuildFile; fileRef = A02E5E7924A97BAA0092FCC4 /* PostTableViewCell.swift */; };
		A02E5E7C24A97BAA0092FCC4 /* PostTableViewCell.xib in Resources */ = {isa = PBXBuildFile; fileRef = A02E5E7A24A97BAA0092FCC4 /* PostTableViewCell.xib */; };
		A02E5E8024A994580092FCC4 /* PostsEmptyList.xib in Resources */ = {isa = PBXBuildFile; fileRef = A02E5E7F24A994570092FCC4 /* PostsEmptyList.xib */; };
		A0B3479224A782A7008233A2 /* AppDelegate.swift in Sources */ = {isa = PBXBuildFile; fileRef = A0B3479124A782A7008233A2 /* AppDelegate.swift */; };
		A0B3479924A782A7008233A2 /* Main.storyboard in Resources */ = {isa = PBXBuildFile; fileRef = A0B3479724A782A7008233A2 /* Main.storyboard */; };
		A0B3479C24A782A7008233A2 /* Users.xcdatamodeld in Sources */ = {isa = PBXBuildFile; fileRef = A0B3479A24A782A7008233A2 /* Users.xcdatamodeld */; };
		A0B3479E24A782AB008233A2 /* Assets.xcassets in Resources */ = {isa = PBXBuildFile; fileRef = A0B3479D24A782AB008233A2 /* Assets.xcassets */; };
		A0B347A124A782AB008233A2 /* LaunchScreen.storyboard in Resources */ = {isa = PBXBuildFile; fileRef = A0B3479F24A782AB008233A2 /* LaunchScreen.storyboard */; };
		A0B347AA24A78513008233A2 /* UsersAPI.swift in Sources */ = {isa = PBXBuildFile; fileRef = A0B347A924A78513008233A2 /* UsersAPI.swift */; };
		A0B347B224A797A1008233A2 /* User.swift in Sources */ = {isa = PBXBuildFile; fileRef = A0B347B124A797A1008233A2 /* User.swift */; };
		A0B347B424A798FE008233A2 /* UsersList.storyboard in Resources */ = {isa = PBXBuildFile; fileRef = A0B347B324A798FE008233A2 /* UsersList.storyboard */; };
		A0B347B624A79925008233A2 /* UsersList.swift in Sources */ = {isa = PBXBuildFile; fileRef = A0B347B524A79925008233A2 /* UsersList.swift */; };
		A0B347B924A79A88008233A2 /* UserTableViewCell.swift in Sources */ = {isa = PBXBuildFile; fileRef = A0B347B724A79A88008233A2 /* UserTableViewCell.swift */; };
		A0B347BA24A79A88008233A2 /* UserTableViewCell.xib in Resources */ = {isa = PBXBuildFile; fileRef = A0B347B824A79A88008233A2 /* UserTableViewCell.xib */; };
		A0B347BC24A79BE7008233A2 /* Colors.xcassets in Resources */ = {isa = PBXBuildFile; fileRef = A0B347BB24A79BE7008233A2 /* Colors.xcassets */; };
		A0B347BE24A7A4E6008233A2 /* UsersList+DataSource.swift in Sources */ = {isa = PBXBuildFile; fileRef = A0B347BD24A7A4E6008233A2 /* UsersList+DataSource.swift */; };
		A0B347C024A7A772008233A2 /* UsersListViewModel.swift in Sources */ = {isa = PBXBuildFile; fileRef = A0B347BF24A7A772008233A2 /* UsersListViewModel.swift */; };
		A0B347C324A7AC00008233A2 /* UITableView+RegisterCell.swift in Sources */ = {isa = PBXBuildFile; fileRef = A0B347C224A7AC00008233A2 /* UITableView+RegisterCell.swift */; };
		A0B347C524A7B2B6008233A2 /* UsersList+SearchBar.swift in Sources */ = {isa = PBXBuildFile; fileRef = A0B347C424A7B2B6008233A2 /* UsersList+SearchBar.swift */; };
		A0B347C724A7B45A008233A2 /* UIViewController+NavigationBar.swift in Sources */ = {isa = PBXBuildFile; fileRef = A0B347C624A7B459008233A2 /* UIViewController+NavigationBar.swift */; };
		A0B347C924A7D7AB008233A2 /* UIView+DropShadowView.swift in Sources */ = {isa = PBXBuildFile; fileRef = A0B347C824A7D7AB008233A2 /* UIView+DropShadowView.swift */; };
		A0B347CB24A7D892008233A2 /* UIView+BorderedView.swift in Sources */ = {isa = PBXBuildFile; fileRef = A0B347CA24A7D892008233A2 /* UIView+BorderedView.swift */; };
		A0B347CD24A7E53E008233A2 /* UsersMock.swift in Sources */ = {isa = PBXBuildFile; fileRef = A0B347CC24A7E53E008233A2 /* UsersMock.swift */; };
		A0B347CF24A7E679008233A2 /* UsersListConnection.swift in Sources */ = {isa = PBXBuildFile; fileRef = A0B347CE24A7E679008233A2 /* UsersListConnection.swift */; };
		A0B347D124A8D2F7008233A2 /* UITableView+EmptyView.swift in Sources */ = {isa = PBXBuildFile; fileRef = A0B347D024A8D2F6008233A2 /* UITableView+EmptyView.swift */; };
		A0B347D324A8D44D008233A2 /* UsersEmptyList.xib in Resources */ = {isa = PBXBuildFile; fileRef = A0B347D224A8D44C008233A2 /* UsersEmptyList.xib */; };
		A0B347D524A93B68008233A2 /* UIViewController+LoaderIndicator.swift in Sources */ = {isa = PBXBuildFile; fileRef = A0B347D424A93B68008233A2 /* UIViewController+LoaderIndicator.swift */; };
		A0B347DC24A94929008233A2 /* UserDetail.storyboard in Resources */ = {isa = PBXBuildFile; fileRef = A0B347DB24A94929008233A2 /* UserDetail.storyboard */; };
		A0B347DE24A94943008233A2 /* UserDetail.swift in Sources */ = {isa = PBXBuildFile; fileRef = A0B347DD24A94943008233A2 /* UserDetail.swift */; };
		A0B347E124A9504E008233A2 /* Coordinator+Protocol.swift in Sources */ = {isa = PBXBuildFile; fileRef = A0B347E024A9504E008233A2 /* Coordinator+Protocol.swift */; };
		A0B347E324A95102008233A2 /* MainCoordinator.swift in Sources */ = {isa = PBXBuildFile; fileRef = A0B347E224A95102008233A2 /* MainCoordinator.swift */; };
		A0B347E724A952C3008233A2 /* InjectDependeciesProtocol.swift in Sources */ = {isa = PBXBuildFile; fileRef = A0B347E624A952C3008233A2 /* InjectDependeciesProtocol.swift */; };
		A0B347EB24A956EA008233A2 /* UserDetailViewModel.swift in Sources */ = {isa = PBXBuildFile; fileRef = A0B347EA24A956EA008233A2 /* UserDetailViewModel.swift */; };
/* End PBXBuildFile section */

/* Begin PBXFileReference section */
		A02E5E6F24A96EB00092FCC4 /* StoryboardedProtocol.swift */ = {isa = PBXFileReference; lastKnownFileType = sourcecode.swift; path = StoryboardedProtocol.swift; sourceTree = "<group>"; };
		A02E5E7124A9794E0092FCC4 /* UserDetail+DataSource.swift */ = {isa = PBXFileReference; lastKnownFileType = sourcecode.swift; path = "UserDetail+DataSource.swift"; sourceTree = "<group>"; };
		A02E5E7324A979B40092FCC4 /* UserDetailConnection.swift */ = {isa = PBXFileReference; lastKnownFileType = sourcecode.swift; path = UserDetailConnection.swift; sourceTree = "<group>"; };
		A02E5E7524A979E70092FCC4 /* Post.swift */ = {isa = PBXFileReference; lastKnownFileType = sourcecode.swift; path = Post.swift; sourceTree = "<group>"; };
		A02E5E7724A97A7E0092FCC4 /* PostsMock.swift */ = {isa = PBXFileReference; lastKnownFileType = sourcecode.swift; path = PostsMock.swift; sourceTree = "<group>"; };
		A02E5E7924A97BAA0092FCC4 /* PostTableViewCell.swift */ = {isa = PBXFileReference; lastKnownFileType = sourcecode.swift; path = PostTableViewCell.swift; sourceTree = "<group>"; };
		A02E5E7A24A97BAA0092FCC4 /* PostTableViewCell.xib */ = {isa = PBXFileReference; lastKnownFileType = file.xib; path = PostTableViewCell.xib; sourceTree = "<group>"; };
		A02E5E7F24A994570092FCC4 /* PostsEmptyList.xib */ = {isa = PBXFileReference; lastKnownFileType = file.xib; path = PostsEmptyList.xib; sourceTree = "<group>"; };
		A0B3478E24A782A7008233A2 /* Users.app */ = {isa = PBXFileReference; explicitFileType = wrapper.application; includeInIndex = 0; path = Users.app; sourceTree = BUILT_PRODUCTS_DIR; };
		A0B3479124A782A7008233A2 /* AppDelegate.swift */ = {isa = PBXFileReference; lastKnownFileType = sourcecode.swift; path = AppDelegate.swift; sourceTree = "<group>"; };
		A0B3479824A782A7008233A2 /* Base */ = {isa = PBXFileReference; lastKnownFileType = file.storyboard; name = Base; path = Base.lproj/Main.storyboard; sourceTree = "<group>"; };
		A0B3479B24A782A7008233A2 /* Users.xcdatamodel */ = {isa = PBXFileReference; lastKnownFileType = wrapper.xcdatamodel; path = Users.xcdatamodel; sourceTree = "<group>"; };
		A0B3479D24A782AB008233A2 /* Assets.xcassets */ = {isa = PBXFileReference; lastKnownFileType = folder.assetcatalog; path = Assets.xcassets; sourceTree = "<group>"; };
		A0B347A024A782AB008233A2 /* Base */ = {isa = PBXFileReference; lastKnownFileType = file.storyboard; name = Base; path = Base.lproj/LaunchScreen.storyboard; sourceTree = "<group>"; };
		A0B347A224A782AB008233A2 /* Info.plist */ = {isa = PBXFileReference; lastKnownFileType = text.plist.xml; path = Info.plist; sourceTree = "<group>"; };
		A0B347A924A78513008233A2 /* UsersAPI.swift */ = {isa = PBXFileReference; lastKnownFileType = sourcecode.swift; path = UsersAPI.swift; sourceTree = "<group>"; };
		A0B347B124A797A1008233A2 /* User.swift */ = {isa = PBXFileReference; lastKnownFileType = sourcecode.swift; path = User.swift; sourceTree = "<group>"; };
		A0B347B324A798FE008233A2 /* UsersList.storyboard */ = {isa = PBXFileReference; lastKnownFileType = file.storyboard; path = UsersList.storyboard; sourceTree = "<group>"; };
		A0B347B524A79925008233A2 /* UsersList.swift */ = {isa = PBXFileReference; lastKnownFileType = sourcecode.swift; path = UsersList.swift; sourceTree = "<group>"; };
		A0B347B724A79A88008233A2 /* UserTableViewCell.swift */ = {isa = PBXFileReference; lastKnownFileType = sourcecode.swift; path = UserTableViewCell.swift; sourceTree = "<group>"; };
		A0B347B824A79A88008233A2 /* UserTableViewCell.xib */ = {isa = PBXFileReference; lastKnownFileType = file.xib; path = UserTableViewCell.xib; sourceTree = "<group>"; };
		A0B347BB24A79BE7008233A2 /* Colors.xcassets */ = {isa = PBXFileReference; lastKnownFileType = folder.assetcatalog; path = Colors.xcassets; sourceTree = "<group>"; };
		A0B347BD24A7A4E6008233A2 /* UsersList+DataSource.swift */ = {isa = PBXFileReference; lastKnownFileType = sourcecode.swift; path = "UsersList+DataSource.swift"; sourceTree = "<group>"; };
		A0B347BF24A7A772008233A2 /* UsersListViewModel.swift */ = {isa = PBXFileReference; lastKnownFileType = sourcecode.swift; path = UsersListViewModel.swift; sourceTree = "<group>"; };
		A0B347C224A7AC00008233A2 /* UITableView+RegisterCell.swift */ = {isa = PBXFileReference; lastKnownFileType = sourcecode.swift; path = "UITableView+RegisterCell.swift"; sourceTree = "<group>"; };
		A0B347C424A7B2B6008233A2 /* UsersList+SearchBar.swift */ = {isa = PBXFileReference; lastKnownFileType = sourcecode.swift; path = "UsersList+SearchBar.swift"; sourceTree = "<group>"; };
		A0B347C624A7B459008233A2 /* UIViewController+NavigationBar.swift */ = {isa = PBXFileReference; lastKnownFileType = sourcecode.swift; path = "UIViewController+NavigationBar.swift"; sourceTree = "<group>"; };
		A0B347C824A7D7AB008233A2 /* UIView+DropShadowView.swift */ = {isa = PBXFileReference; lastKnownFileType = sourcecode.swift; path = "UIView+DropShadowView.swift"; sourceTree = "<group>"; };
		A0B347CA24A7D892008233A2 /* UIView+BorderedView.swift */ = {isa = PBXFileReference; lastKnownFileType = sourcecode.swift; path = "UIView+BorderedView.swift"; sourceTree = "<group>"; };
		A0B347CC24A7E53E008233A2 /* UsersMock.swift */ = {isa = PBXFileReference; lastKnownFileType = sourcecode.swift; path = UsersMock.swift; sourceTree = "<group>"; };
		A0B347CE24A7E679008233A2 /* UsersListConnection.swift */ = {isa = PBXFileReference; lastKnownFileType = sourcecode.swift; path = UsersListConnection.swift; sourceTree = "<group>"; };
		A0B347D024A8D2F6008233A2 /* UITableView+EmptyView.swift */ = {isa = PBXFileReference; lastKnownFileType = sourcecode.swift; path = "UITableView+EmptyView.swift"; sourceTree = "<group>"; };
		A0B347D224A8D44C008233A2 /* UsersEmptyList.xib */ = {isa = PBXFileReference; lastKnownFileType = file.xib; path = UsersEmptyList.xib; sourceTree = "<group>"; };
		A0B347D424A93B68008233A2 /* UIViewController+LoaderIndicator.swift */ = {isa = PBXFileReference; lastKnownFileType = sourcecode.swift; path = "UIViewController+LoaderIndicator.swift"; sourceTree = "<group>"; };
		A0B347DB24A94929008233A2 /* UserDetail.storyboard */ = {isa = PBXFileReference; lastKnownFileType = file.storyboard; path = UserDetail.storyboard; sourceTree = "<group>"; };
		A0B347DD24A94943008233A2 /* UserDetail.swift */ = {isa = PBXFileReference; lastKnownFileType = sourcecode.swift; path = UserDetail.swift; sourceTree = "<group>"; };
		A0B347E024A9504E008233A2 /* Coordinator+Protocol.swift */ = {isa = PBXFileReference; lastKnownFileType = sourcecode.swift; path = "Coordinator+Protocol.swift"; sourceTree = "<group>"; };
		A0B347E224A95102008233A2 /* MainCoordinator.swift */ = {isa = PBXFileReference; lastKnownFileType = sourcecode.swift; path = MainCoordinator.swift; sourceTree = "<group>"; };
		A0B347E624A952C3008233A2 /* InjectDependeciesProtocol.swift */ = {isa = PBXFileReference; lastKnownFileType = sourcecode.swift; path = InjectDependeciesProtocol.swift; sourceTree = "<group>"; };
		A0B347EA24A956EA008233A2 /* UserDetailViewModel.swift */ = {isa = PBXFileReference; lastKnownFileType = sourcecode.swift; path = UserDetailViewModel.swift; sourceTree = "<group>"; };
/* End PBXFileReference section */

/* Begin PBXFrameworksBuildPhase section */
		A0B3478B24A782A7008233A2 /* Frameworks */ = {
			isa = PBXFrameworksBuildPhase;
			buildActionMask = 2147483647;
			files = (
			);
			runOnlyForDeploymentPostprocessing = 0;
		};
/* End PBXFrameworksBuildPhase section */

/* Begin PBXGroup section */
		A0B3478524A782A6008233A2 = {
			isa = PBXGroup;
			children = (
				A0B3479024A782A7008233A2 /* Users */,
				A0B3478F24A782A7008233A2 /* Products */,
			);
			sourceTree = "<group>";
		};
		A0B3478F24A782A7008233A2 /* Products */ = {
			isa = PBXGroup;
			children = (
				A0B3478E24A782A7008233A2 /* Users.app */,
			);
			name = Products;
			sourceTree = "<group>";
		};
		A0B3479024A782A7008233A2 /* Users */ = {
			isa = PBXGroup;
			children = (
				A0B347DF24A95027008233A2 /* Coordinator */,
				A0B347A824A784FB008233A2 /* UsersAPI */,
				A0B347AB24A796EF008233A2 /* Modules */,
				A0B3479124A782A7008233A2 /* AppDelegate.swift */,
				A0B3479724A782A7008233A2 /* Main.storyboard */,
				A0B3479D24A782AB008233A2 /* Assets.xcassets */,
				A0B347BB24A79BE7008233A2 /* Colors.xcassets */,
				A0B347C124A7ABE7008233A2 /* Utils */,
				A0B3479F24A782AB008233A2 /* LaunchScreen.storyboard */,
				A0B347A224A782AB008233A2 /* Info.plist */,
				A0B3479A24A782A7008233A2 /* Users.xcdatamodeld */,
			);
			path = Users;
			sourceTree = "<group>";
		};
		A0B347A824A784FB008233A2 /* UsersAPI */ = {
			isa = PBXGroup;
			children = (
				A0B347A924A78513008233A2 /* UsersAPI.swift */,
			);
			path = UsersAPI;
			sourceTree = "<group>";
		};
		A0B347AB24A796EF008233A2 /* Modules */ = {
			isa = PBXGroup;
			children = (
				A0B347AC24A79700008233A2 /* UsersList */,
				A0B347D624A947E2008233A2 /* UserDetail */,
			);
			path = Modules;
			sourceTree = "<group>";
		};
		A0B347AC24A79700008233A2 /* UsersList */ = {
			isa = PBXGroup;
			children = (
				A0B347AD24A79711008233A2 /* Model */,
				A0B347AE24A79717008233A2 /* View */,
				A0B347AF24A7971C008233A2 /* ViewModel */,
				A0B347B024A79723008233A2 /* Connection */,
			);
			path = UsersList;
			sourceTree = "<group>";
		};
		A0B347AD24A79711008233A2 /* Model */ = {
			isa = PBXGroup;
			children = (
				A0B347B124A797A1008233A2 /* User.swift */,
				A0B347CC24A7E53E008233A2 /* UsersMock.swift */,
			);
			path = Model;
			sourceTree = "<group>";
		};
		A0B347AE24A79717008233A2 /* View */ = {
			isa = PBXGroup;
			children = (
				A0B347B324A798FE008233A2 /* UsersList.storyboard */,
				A0B347B524A79925008233A2 /* UsersList.swift */,
				A0B347BD24A7A4E6008233A2 /* UsersList+DataSource.swift */,
				A0B347C424A7B2B6008233A2 /* UsersList+SearchBar.swift */,
				A0B347B824A79A88008233A2 /* UserTableViewCell.xib */,
				A0B347B724A79A88008233A2 /* UserTableViewCell.swift */,
				A0B347D224A8D44C008233A2 /* UsersEmptyList.xib */,
			);
			path = View;
			sourceTree = "<group>";
		};
		A0B347AF24A7971C008233A2 /* ViewModel */ = {
			isa = PBXGroup;
			children = (
				A0B347BF24A7A772008233A2 /* UsersListViewModel.swift */,
			);
			path = ViewModel;
			sourceTree = "<group>";
		};
		A0B347B024A79723008233A2 /* Connection */ = {
			isa = PBXGroup;
			children = (
				A0B347CE24A7E679008233A2 /* UsersListConnection.swift */,
			);
			path = Connection;
			sourceTree = "<group>";
		};
		A0B347C124A7ABE7008233A2 /* Utils */ = {
			isa = PBXGroup;
			children = (
				A0B347C224A7AC00008233A2 /* UITableView+RegisterCell.swift */,
				A0B347D024A8D2F6008233A2 /* UITableView+EmptyView.swift */,
				A0B347C624A7B459008233A2 /* UIViewController+NavigationBar.swift */,
				A0B347D424A93B68008233A2 /* UIViewController+LoaderIndicator.swift */,
				A0B347C824A7D7AB008233A2 /* UIView+DropShadowView.swift */,
				A0B347CA24A7D892008233A2 /* UIView+BorderedView.swift */,
				A0B347E624A952C3008233A2 /* InjectDependeciesProtocol.swift */,
				A02E5E6F24A96EB00092FCC4 /* StoryboardedProtocol.swift */,
			);
			path = Utils;
			sourceTree = "<group>";
		};
		A0B347D624A947E2008233A2 /* UserDetail */ = {
			isa = PBXGroup;
			children = (
				A0B347D724A94804008233A2 /* Model */,
				A0B347D824A9480B008233A2 /* View */,
				A0B347D924A94810008233A2 /* ViewModel */,
				A0B347DA24A9481E008233A2 /* Connection */,
			);
			path = UserDetail;
			sourceTree = "<group>";
		};
		A0B347D724A94804008233A2 /* Model */ = {
			isa = PBXGroup;
			children = (
				A02E5E7524A979E70092FCC4 /* Post.swift */,
				A02E5E7724A97A7E0092FCC4 /* PostsMock.swift */,
			);
			path = Model;
			sourceTree = "<group>";
		};
		A0B347D824A9480B008233A2 /* View */ = {
			isa = PBXGroup;
			children = (
				A0B347DB24A94929008233A2 /* UserDetail.storyboard */,
				A0B347DD24A94943008233A2 /* UserDetail.swift */,
				A02E5E7124A9794E0092FCC4 /* UserDetail+DataSource.swift */,
				A02E5E7A24A97BAA0092FCC4 /* PostTableViewCell.xib */,
				A02E5E7924A97BAA0092FCC4 /* PostTableViewCell.swift */,
				A02E5E7F24A994570092FCC4 /* PostsEmptyList.xib */,
			);
			path = View;
			sourceTree = "<group>";
		};
		A0B347D924A94810008233A2 /* ViewModel */ = {
			isa = PBXGroup;
			children = (
				A0B347EA24A956EA008233A2 /* UserDetailViewModel.swift */,
			);
			path = ViewModel;
			sourceTree = "<group>";
		};
		A0B347DA24A9481E008233A2 /* Connection */ = {
			isa = PBXGroup;
			children = (
				A02E5E7324A979B40092FCC4 /* UserDetailConnection.swift */,
			);
			path = Connection;
			sourceTree = "<group>";
		};
		A0B347DF24A95027008233A2 /* Coordinator */ = {
			isa = PBXGroup;
			children = (
				A0B347E024A9504E008233A2 /* Coordinator+Protocol.swift */,
				A0B347E224A95102008233A2 /* MainCoordinator.swift */,
			);
			path = Coordinator;
			sourceTree = "<group>";
		};
/* End PBXGroup section */

/* Begin PBXNativeTarget section */
		A0B3478D24A782A7008233A2 /* Users */ = {
			isa = PBXNativeTarget;
			buildConfigurationList = A0B347A524A782AB008233A2 /* Build configuration list for PBXNativeTarget "Users" */;
			buildPhases = (
				A0B3478A24A782A7008233A2 /* Sources */,
				A0B3478B24A782A7008233A2 /* Frameworks */,
				A0B3478C24A782A7008233A2 /* Resources */,
			);
			buildRules = (
			);
			dependencies = (
			);
			name = Users;
			productName = Users;
			productReference = A0B3478E24A782A7008233A2 /* Users.app */;
			productType = "com.apple.product-type.application";
		};
/* End PBXNativeTarget section */

/* Begin PBXProject section */
		A0B3478624A782A6008233A2 /* Project object */ = {
			isa = PBXProject;
			attributes = {
				LastSwiftUpdateCheck = 1200;
				LastUpgradeCheck = 1200;
				TargetAttributes = {
					A0B3478D24A782A7008233A2 = {
						CreatedOnToolsVersion = 12.0;
					};
				};
			};
			buildConfigurationList = A0B3478924A782A6008233A2 /* Build configuration list for PBXProject "Users" */;
			compatibilityVersion = "Xcode 9.3";
			developmentRegion = en;
			hasScannedForEncodings = 0;
			knownRegions = (
				en,
				Base,
			);
			mainGroup = A0B3478524A782A6008233A2;
			productRefGroup = A0B3478F24A782A7008233A2 /* Products */;
			projectDirPath = "";
			projectRoot = "";
			targets = (
				A0B3478D24A782A7008233A2 /* Users */,
			);
		};
/* End PBXProject section */

/* Begin PBXResourcesBuildPhase section */
		A0B3478C24A782A7008233A2 /* Resources */ = {
			isa = PBXResourcesBuildPhase;
			buildActionMask = 2147483647;
			files = (
				A0B347D324A8D44D008233A2 /* UsersEmptyList.xib in Resources */,
				A0B347A124A782AB008233A2 /* LaunchScreen.storyboard in Resources */,
				A0B347B424A798FE008233A2 /* UsersList.storyboard in Resources */,
				A02E5E7C24A97BAA0092FCC4 /* PostTableViewCell.xib in Resources */,
				A0B3479E24A782AB008233A2 /* Assets.xcassets in Resources */,
				A02E5E8024A994580092FCC4 /* PostsEmptyList.xib in Resources */,
				A0B347BC24A79BE7008233A2 /* Colors.xcassets in Resources */,
				A0B3479924A782A7008233A2 /* Main.storyboard in Resources */,
				A0B347DC24A94929008233A2 /* UserDetail.storyboard in Resources */,
				A0B347BA24A79A88008233A2 /* UserTableViewCell.xib in Resources */,
			);
			runOnlyForDeploymentPostprocessing = 0;
		};
/* End PBXResourcesBuildPhase section */

/* Begin PBXSourcesBuildPhase section */
		A0B3478A24A782A7008233A2 /* Sources */ = {
			isa = PBXSourcesBuildPhase;
			buildActionMask = 2147483647;
			files = (
				A0B347C724A7B45A008233A2 /* UIViewController+NavigationBar.swift in Sources */,
				A02E5E7424A979B40092FCC4 /* UserDetailConnection.swift in Sources */,
				A0B347E324A95102008233A2 /* MainCoordinator.swift in Sources */,
				A0B347EB24A956EA008233A2 /* UserDetailViewModel.swift in Sources */,
				A0B347CB24A7D892008233A2 /* UIView+BorderedView.swift in Sources */,
				A02E5E7824A97A7F0092FCC4 /* PostsMock.swift in Sources */,
				A0B3479C24A782A7008233A2 /* Users.xcdatamodeld in Sources */,
				A02E5E7B24A97BAA0092FCC4 /* PostTableViewCell.swift in Sources */,
				A0B347E724A952C3008233A2 /* InjectDependeciesProtocol.swift in Sources */,
				A02E5E7224A9794E0092FCC4 /* UserDetail+DataSource.swift in Sources */,
				A0B347C324A7AC00008233A2 /* UITableView+RegisterCell.swift in Sources */,
				A0B347D124A8D2F7008233A2 /* UITableView+EmptyView.swift in Sources */,
				A0B347C924A7D7AB008233A2 /* UIView+DropShadowView.swift in Sources */,
				A02E5E7024A96EB00092FCC4 /* StoryboardedProtocol.swift in Sources */,
				A0B347E124A9504E008233A2 /* Coordinator+Protocol.swift in Sources */,
				A0B347CD24A7E53E008233A2 /* UsersMock.swift in Sources */,
				A0B347B224A797A1008233A2 /* User.swift in Sources */,
				A0B347C524A7B2B6008233A2 /* UsersList+SearchBar.swift in Sources */,
				A0B347C024A7A772008233A2 /* UsersListViewModel.swift in Sources */,
				A02E5E7624A979E70092FCC4 /* Post.swift in Sources */,
				A0B347B624A79925008233A2 /* UsersList.swift in Sources */,
				A0B347D524A93B68008233A2 /* UIViewController+LoaderIndicator.swift in Sources */,
				A0B347B924A79A88008233A2 /* UserTableViewCell.swift in Sources */,
				A0B347BE24A7A4E6008233A2 /* UsersList+DataSource.swift in Sources */,
				A0B347AA24A78513008233A2 /* UsersAPI.swift in Sources */,
				A0B3479224A782A7008233A2 /* AppDelegate.swift in Sources */,
				A0B347DE24A94943008233A2 /* UserDetail.swift in Sources */,
				A0B347CF24A7E679008233A2 /* UsersListConnection.swift in Sources */,
			);
			runOnlyForDeploymentPostprocessing = 0;
		};
/* End PBXSourcesBuildPhase section */

/* Begin PBXVariantGroup section */
		A0B3479724A782A7008233A2 /* Main.storyboard */ = {
			isa = PBXVariantGroup;
			children = (
				A0B3479824A782A7008233A2 /* Base */,
			);
			name = Main.storyboard;
			sourceTree = "<group>";
		};
		A0B3479F24A782AB008233A2 /* LaunchScreen.storyboard */ = {
			isa = PBXVariantGroup;
			children = (
				A0B347A024A782AB008233A2 /* Base */,
			);
			name = LaunchScreen.storyboard;
			sourceTree = "<group>";
		};
/* End PBXVariantGroup section */

/* Begin XCBuildConfiguration section */
		A0B347A324A782AB008233A2 /* Debug */ = {
			isa = XCBuildConfiguration;
			buildSettings = {
				ALWAYS_SEARCH_USER_PATHS = NO;
				CLANG_ANALYZER_NONNULL = YES;
				CLANG_ANALYZER_NUMBER_OBJECT_CONVERSION = YES_AGGRESSIVE;
				CLANG_CXX_LANGUAGE_STANDARD = "gnu++14";
				CLANG_CXX_LIBRARY = "libc++";
				CLANG_ENABLE_MODULES = YES;
				CLANG_ENABLE_OBJC_ARC = YES;
				CLANG_ENABLE_OBJC_WEAK = YES;
				CLANG_WARN_BLOCK_CAPTURE_AUTORELEASING = YES;
				CLANG_WARN_BOOL_CONVERSION = YES;
				CLANG_WARN_COMMA = YES;
				CLANG_WARN_CONSTANT_CONVERSION = YES;
				CLANG_WARN_DEPRECATED_OBJC_IMPLEMENTATIONS = YES;
				CLANG_WARN_DIRECT_OBJC_ISA_USAGE = YES_ERROR;
				CLANG_WARN_DOCUMENTATION_COMMENTS = YES;
				CLANG_WARN_EMPTY_BODY = YES;
				CLANG_WARN_ENUM_CONVERSION = YES;
				CLANG_WARN_INFINITE_RECURSION = YES;
				CLANG_WARN_INT_CONVERSION = YES;
				CLANG_WARN_NON_LITERAL_NULL_CONVERSION = YES;
				CLANG_WARN_OBJC_IMPLICIT_RETAIN_SELF = YES;
				CLANG_WARN_OBJC_LITERAL_CONVERSION = YES;
				CLANG_WARN_OBJC_ROOT_CLASS = YES_ERROR;
				CLANG_WARN_QUOTED_INCLUDE_IN_FRAMEWORK_HEADER = YES;
				CLANG_WARN_RANGE_LOOP_ANALYSIS = YES;
				CLANG_WARN_STRICT_PROTOTYPES = YES;
				CLANG_WARN_SUSPICIOUS_MOVE = YES;
				CLANG_WARN_UNGUARDED_AVAILABILITY = YES_AGGRESSIVE;
				CLANG_WARN_UNREACHABLE_CODE = YES;
				CLANG_WARN__DUPLICATE_METHOD_MATCH = YES;
				COPY_PHASE_STRIP = NO;
				DEBUG_INFORMATION_FORMAT = dwarf;
				ENABLE_STRICT_OBJC_MSGSEND = YES;
				ENABLE_TESTABILITY = YES;
				GCC_C_LANGUAGE_STANDARD = gnu11;
				GCC_DYNAMIC_NO_PIC = NO;
				GCC_NO_COMMON_BLOCKS = YES;
				GCC_OPTIMIZATION_LEVEL = 0;
				GCC_PREPROCESSOR_DEFINITIONS = (
					"DEBUG=1",
					"$(inherited)",
				);
				GCC_WARN_64_TO_32_BIT_CONVERSION = YES;
				GCC_WARN_ABOUT_RETURN_TYPE = YES_ERROR;
				GCC_WARN_UNDECLARED_SELECTOR = YES;
				GCC_WARN_UNINITIALIZED_AUTOS = YES_AGGRESSIVE;
				GCC_WARN_UNUSED_FUNCTION = YES;
				GCC_WARN_UNUSED_VARIABLE = YES;
				IPHONEOS_DEPLOYMENT_TARGET = 14.0;
				MTL_ENABLE_DEBUG_INFO = INCLUDE_SOURCE;
				MTL_FAST_MATH = YES;
				ONLY_ACTIVE_ARCH = YES;
				SDKROOT = iphoneos;
				SWIFT_ACTIVE_COMPILATION_CONDITIONS = DEBUG;
				SWIFT_OPTIMIZATION_LEVEL = "-Onone";
			};
			name = Debug;
		};
		A0B347A424A782AB008233A2 /* Release */ = {
			isa = XCBuildConfiguration;
			buildSettings = {
				ALWAYS_SEARCH_USER_PATHS = NO;
				CLANG_ANALYZER_NONNULL = YES;
				CLANG_ANALYZER_NUMBER_OBJECT_CONVERSION = YES_AGGRESSIVE;
				CLANG_CXX_LANGUAGE_STANDARD = "gnu++14";
				CLANG_CXX_LIBRARY = "libc++";
				CLANG_ENABLE_MODULES = YES;
				CLANG_ENABLE_OBJC_ARC = YES;
				CLANG_ENABLE_OBJC_WEAK = YES;
				CLANG_WARN_BLOCK_CAPTURE_AUTORELEASING = YES;
				CLANG_WARN_BOOL_CONVERSION = YES;
				CLANG_WARN_COMMA = YES;
				CLANG_WARN_CONSTANT_CONVERSION = YES;
				CLANG_WARN_DEPRECATED_OBJC_IMPLEMENTATIONS = YES;
				CLANG_WARN_DIRECT_OBJC_ISA_USAGE = YES_ERROR;
				CLANG_WARN_DOCUMENTATION_COMMENTS = YES;
				CLANG_WARN_EMPTY_BODY = YES;
				CLANG_WARN_ENUM_CONVERSION = YES;
				CLANG_WARN_INFINITE_RECURSION = YES;
				CLANG_WARN_INT_CONVERSION = YES;
				CLANG_WARN_NON_LITERAL_NULL_CONVERSION = YES;
				CLANG_WARN_OBJC_IMPLICIT_RETAIN_SELF = YES;
				CLANG_WARN_OBJC_LITERAL_CONVERSION = YES;
				CLANG_WARN_OBJC_ROOT_CLASS = YES_ERROR;
				CLANG_WARN_QUOTED_INCLUDE_IN_FRAMEWORK_HEADER = YES;
				CLANG_WARN_RANGE_LOOP_ANALYSIS = YES;
				CLANG_WARN_STRICT_PROTOTYPES = YES;
				CLANG_WARN_SUSPICIOUS_MOVE = YES;
				CLANG_WARN_UNGUARDED_AVAILABILITY = YES_AGGRESSIVE;
				CLANG_WARN_UNREACHABLE_CODE = YES;
				CLANG_WARN__DUPLICATE_METHOD_MATCH = YES;
				COPY_PHASE_STRIP = NO;
				DEBUG_INFORMATION_FORMAT = "dwarf-with-dsym";
				ENABLE_NS_ASSERTIONS = NO;
				ENABLE_STRICT_OBJC_MSGSEND = YES;
				GCC_C_LANGUAGE_STANDARD = gnu11;
				GCC_NO_COMMON_BLOCKS = YES;
				GCC_WARN_64_TO_32_BIT_CONVERSION = YES;
				GCC_WARN_ABOUT_RETURN_TYPE = YES_ERROR;
				GCC_WARN_UNDECLARED_SELECTOR = YES;
				GCC_WARN_UNINITIALIZED_AUTOS = YES_AGGRESSIVE;
				GCC_WARN_UNUSED_FUNCTION = YES;
				GCC_WARN_UNUSED_VARIABLE = YES;
				IPHONEOS_DEPLOYMENT_TARGET = 14.0;
				MTL_ENABLE_DEBUG_INFO = NO;
				MTL_FAST_MATH = YES;
				SDKROOT = iphoneos;
				SWIFT_COMPILATION_MODE = wholemodule;
				SWIFT_OPTIMIZATION_LEVEL = "-O";
				VALIDATE_PRODUCT = YES;
			};
			name = Release;
		};
		A0B347A624A782AB008233A2 /* Debug */ = {
			isa = XCBuildConfiguration;
			buildSettings = {
				ASSETCATALOG_COMPILER_APPICON_NAME = AppIcon;
				ASSETCATALOG_COMPILER_GLOBAL_ACCENT_COLOR_NAME = AccentColor;
				CODE_SIGN_STYLE = Automatic;
				DEVELOPMENT_TEAM = V8BCKJ57FF;
				INFOPLIST_FILE = Users/Info.plist;
				IPHONEOS_DEPLOYMENT_TARGET = 13.0;
				LD_RUNPATH_SEARCH_PATHS = (
					"$(inherited)",
					"@executable_path/Frameworks",
				);
				PRODUCT_BUNDLE_IDENTIFIER = com.ceiba.Users;
				PRODUCT_NAME = "$(TARGET_NAME)";
				SWIFT_VERSION = 5.0;
				TARGETED_DEVICE_FAMILY = "1,2";
			};
			name = Debug;
		};
		A0B347A724A782AB008233A2 /* Release */ = {
			isa = XCBuildConfiguration;
			buildSettings = {
				ASSETCATALOG_COMPILER_APPICON_NAME = AppIcon;
				ASSETCATALOG_COMPILER_GLOBAL_ACCENT_COLOR_NAME = AccentColor;
				CODE_SIGN_STYLE = Automatic;
				DEVELOPMENT_TEAM = V8BCKJ57FF;
				INFOPLIST_FILE = Users/Info.plist;
				IPHONEOS_DEPLOYMENT_TARGET = 13.0;
				LD_RUNPATH_SEARCH_PATHS = (
					"$(inherited)",
					"@executable_path/Frameworks",
				);
				PRODUCT_BUNDLE_IDENTIFIER = com.ceiba.Users;
				PRODUCT_NAME = "$(TARGET_NAME)";
				SWIFT_VERSION = 5.0;
				TARGETED_DEVICE_FAMILY = "1,2";
			};
			name = Release;
		};
/* End XCBuildConfiguration section */

/* Begin XCConfigurationList section */
		A0B3478924A782A6008233A2 /* Build configuration list for PBXProject "Users" */ = {
			isa = XCConfigurationList;
			buildConfigurations = (
				A0B347A324A782AB008233A2 /* Debug */,
				A0B347A424A782AB008233A2 /* Release */,
			);
			defaultConfigurationIsVisible = 0;
			defaultConfigurationName = Release;
		};
		A0B347A524A782AB008233A2 /* Build configuration list for PBXNativeTarget "Users" */ = {
			isa = XCConfigurationList;
			buildConfigurations = (
				A0B347A624A782AB008233A2 /* Debug */,
				A0B347A724A782AB008233A2 /* Release */,
			);
			defaultConfigurationIsVisible = 0;
			defaultConfigurationName = Release;
		};
/* End XCConfigurationList section */

/* Begin XCVersionGroup section */
		A0B3479A24A782A7008233A2 /* Users.xcdatamodeld */ = {
			isa = XCVersionGroup;
			children = (
				A0B3479B24A782A7008233A2 /* Users.xcdatamodel */,
			);
			currentVersion = A0B3479B24A782A7008233A2 /* Users.xcdatamodel */;
			path = Users.xcdatamodeld;
			sourceTree = "<group>";
			versionGroupType = wrapper.xcdatamodel;
		};
/* End XCVersionGroup section */
	};
	rootObject = A0B3478624A782A6008233A2 /* Project object */;
}
